
Microsoft Visual Studio Solution File, Format Version 12.00
# Visual Studio Version 16
VisualStudioVersion = 16.0.31402.337
MinimumVisualStudioVersion = 10.0.40219.1
Project("{888888A0-9F3D-457C-B088-3A5042F75D52}") = "TowingCalc_Py", "TowingCalc_Py\TowingCalc_Py.pyproj", "{049E82F8-B4ED-4E45-B021-AF3F3E764832}"
EndProject
Global
	GlobalSection(SolutionConfigurationPlatforms) = preSolution
		Debug|Any CPU = Debug|Any CPU
		Release|Any CPU = Release|Any CPU
	EndGlobalSection
	GlobalSection(ProjectConfigurationPlatforms) = postSolution
		{049E82F8-B4ED-4E45-B021-AF3F3E764832}.Debug|Any CPU.ActiveCfg = Debug|Any CPU
		{049E82F8-B4ED-4E45-B021-AF3F3E764832}.Release|Any CPU.ActiveCfg = Release|Any CPU
	EndGlobalSection
	GlobalSection(SolutionProperties) = preSolution
		HideSolutionNode = FALSE
	EndGlobalSection
	GlobalSection(ExtensibilityGlobals) = postSolution
		SolutionGuid = {EE20F2A7-F8D0-460D-A0AB-7B9C7C491DDE}
	EndGlobalSection
EndGlobal
